
Microsoft Visual Studio Solution File, Format Version 12.00
# Visual Studio 15
VisualStudioVersion = 15.0.28307.438
MinimumVisualStudioVersion = 10.0.40219.1
Project("{9A19103F-16F7-4668-BE54-9A1E7A4F7556}") = "InGame.Core", "InGame.Core\InGame.Core.csproj", "{B076640F-C6EE-4467-A2F4-A8FD37411F0D}"
EndProject
Project("{9A19103F-16F7-4668-BE54-9A1E7A4F7556}") = "InGame.Infrastructure", "InGame.Infrastructure\InGame.Infrastructure.csproj", "{11A6721C-C4A4-4020-B1CB-8BFDE47CAEDD}"
EndProject
Project("{9A19103F-16F7-4668-BE54-9A1E7A4F7556}") = "InGame.Web.UI", "InGame.Web.UI\InGame.Web.UI.csproj", "{854E3E1D-B8BC-474A-A07D-B9948E1BE08B}"
EndProject
Project("{9A19103F-16F7-4668-BE54-9A1E7A4F7556}") = "InGame.Api", "InGame.Api\InGame.Api.csproj", "{CE6DE2BD-DA31-4D7B-85D8-0685BAA6A476}"
EndProject
Project("{FAE04EC0-301F-11D3-BF4B-00C04F79EFBC}") = "InGame.Tests", "InGame.Tests\InGame.Tests.csproj", "{1D858AF1-1516-4DDD-A6A7-CBB072452C41}"
EndProject
Global
	GlobalSection(SolutionConfigurationPlatforms) = preSolution
		Debug|Any CPU = Debug|Any CPU
		Release|Any CPU = Release|Any CPU
	EndGlobalSection
	GlobalSection(ProjectConfigurationPlatforms) = postSolution
		{B076640F-C6EE-4467-A2F4-A8FD37411F0D}.Debug|Any CPU.ActiveCfg = Debug|Any CPU
		{B076640F-C6EE-4467-A2F4-A8FD37411F0D}.Debug|Any CPU.Build.0 = Debug|Any CPU
		{B076640F-C6EE-4467-A2F4-A8FD37411F0D}.Release|Any CPU.ActiveCfg = Release|Any CPU
		{B076640F-C6EE-4467-A2F4-A8FD37411F0D}.Release|Any CPU.Build.0 = Release|Any CPU
		{11A6721C-C4A4-4020-B1CB-8BFDE47CAEDD}.Debug|Any CPU.ActiveCfg = Debug|Any CPU
		{11A6721C-C4A4-4020-B1CB-8BFDE47CAEDD}.Debug|Any CPU.Build.0 = Debug|Any CPU
		{11A6721C-C4A4-4020-B1CB-8BFDE47CAEDD}.Release|Any CPU.ActiveCfg = Release|Any CPU
		{11A6721C-C4A4-4020-B1CB-8BFDE47CAEDD}.Release|Any CPU.Build.0 = Release|Any CPU
		{854E3E1D-B8BC-474A-A07D-B9948E1BE08B}.Debug|Any CPU.ActiveCfg = Debug|Any CPU
		{854E3E1D-B8BC-474A-A07D-B9948E1BE08B}.Debug|Any CPU.Build.0 = Debug|Any CPU
		{854E3E1D-B8BC-474A-A07D-B9948E1BE08B}.Release|Any CPU.ActiveCfg = Release|Any CPU
		{854E3E1D-B8BC-474A-A07D-B9948E1BE08B}.Release|Any CPU.Build.0 = Release|Any CPU
		{CE6DE2BD-DA31-4D7B-85D8-0685BAA6A476}.Debug|Any CPU.ActiveCfg = Debug|Any CPU
		{CE6DE2BD-DA31-4D7B-85D8-0685BAA6A476}.Debug|Any CPU.Build.0 = Debug|Any CPU
		{CE6DE2BD-DA31-4D7B-85D8-0685BAA6A476}.Release|Any CPU.ActiveCfg = Release|Any CPU
		{CE6DE2BD-DA31-4D7B-85D8-0685BAA6A476}.Release|Any CPU.Build.0 = Release|Any CPU
		{1D858AF1-1516-4DDD-A6A7-CBB072452C41}.Debug|Any CPU.ActiveCfg = Debug|Any CPU
		{1D858AF1-1516-4DDD-A6A7-CBB072452C41}.Debug|Any CPU.Build.0 = Debug|Any CPU
		{1D858AF1-1516-4DDD-A6A7-CBB072452C41}.Release|Any CPU.ActiveCfg = Release|Any CPU
		{1D858AF1-1516-4DDD-A6A7-CBB072452C41}.Release|Any CPU.Build.0 = Release|Any CPU
	EndGlobalSection
	GlobalSection(SolutionProperties) = preSolution
		HideSolutionNode = FALSE
	EndGlobalSection
	GlobalSection(ExtensibilityGlobals) = postSolution
		SolutionGuid = {3F8FF9DB-8760-4141-9255-D21241778DF4}
	EndGlobalSection
EndGlobal
